
Microsoft Visual Studio Solution File, Format Version 12.00
# Visual Studio Version 17
VisualStudioVersion = 17.1.32210.238
MinimumVisualStudioVersion = 10.0.40219.1
Project("{FAE04EC0-301F-11D3-BF4B-00C04F79EFBC}") = "bank_kata", "bank_kata\bank_kata.csproj", "{ED201F85-108F-4158-9179-54DABD665741}"
EndProject
Project("{FAE04EC0-301F-11D3-BF4B-00C04F79EFBC}") = "Bank_Tests", "Bank_Tests\Bank_Tests.csproj", "{8590F246-63E4-4D4C-BA12-097787B9B1F7}"
EndProject
Global
	GlobalSection(SolutionConfigurationPlatforms) = preSolution
		Debug|Any CPU = Debug|Any CPU
		Release|Any CPU = Release|Any CPU
	EndGlobalSection
	GlobalSection(ProjectConfigurationPlatforms) = postSolution
		{ED201F85-108F-4158-9179-54DABD665741}.Debug|Any CPU.ActiveCfg = Debug|Any CPU
		{ED201F85-108F-4158-9179-54DABD665741}.Debug|Any CPU.Build.0 = Debug|Any CPU
		{ED201F85-108F-4158-9179-54DABD665741}.Release|Any CPU.ActiveCfg = Release|Any CPU
		{ED201F85-108F-4158-9179-54DABD665741}.Release|Any CPU.Build.0 = Release|Any CPU
		{8590F246-63E4-4D4C-BA12-097787B9B1F7}.Debug|Any CPU.ActiveCfg = Debug|Any CPU
		{8590F246-63E4-4D4C-BA12-097787B9B1F7}.Debug|Any CPU.Build.0 = Debug|Any CPU
		{8590F246-63E4-4D4C-BA12-097787B9B1F7}.Release|Any CPU.ActiveCfg = Release|Any CPU
		{8590F246-63E4-4D4C-BA12-097787B9B1F7}.Release|Any CPU.Build.0 = Release|Any CPU
	EndGlobalSection
	GlobalSection(SolutionProperties) = preSolution
		HideSolutionNode = FALSE
	EndGlobalSection
	GlobalSection(ExtensibilityGlobals) = postSolution
		SolutionGuid = {E674EBDA-826E-410C-B115-34C54591546D}
	EndGlobalSection
EndGlobal
